
Microsoft Visual Studio Solution File, Format Version 12.00
# Visual Studio Version 16
VisualStudioVersion = 16.0.29709.97
MinimumVisualStudioVersion = 10.0.40219.1
Project("{FAE04EC0-301F-11D3-BF4B-00C04F79EFBC}") = "apbd_kolokwium1", "apbd_kolokwium1.csproj", "{A910291B-2269-4BF5-8F57-6D59B7462BD3}"
EndProject
Global
	GlobalSection(SolutionConfigurationPlatforms) = preSolution
		Debug|Any CPU = Debug|Any CPU
		Release|Any CPU = Release|Any CPU
	EndGlobalSection
	GlobalSection(ProjectConfigurationPlatforms) = postSolution
		{A910291B-2269-4BF5-8F57-6D59B7462BD3}.Debug|Any CPU.ActiveCfg = Debug|Any CPU
		{A910291B-2269-4BF5-8F57-6D59B7462BD3}.Debug|Any CPU.Build.0 = Debug|Any CPU
		{A910291B-2269-4BF5-8F57-6D59B7462BD3}.Release|Any CPU.ActiveCfg = Release|Any CPU
		{A910291B-2269-4BF5-8F57-6D59B7462BD3}.Release|Any CPU.Build.0 = Release|Any CPU
	EndGlobalSection
	GlobalSection(SolutionProperties) = preSolution
		HideSolutionNode = FALSE
	EndGlobalSection
	GlobalSection(ExtensibilityGlobals) = postSolution
		SolutionGuid = {261C35D1-6AB0-4696-A5A5-37D95CA2A58A}
	EndGlobalSection
EndGlobal
